
Microsoft Visual Studio Solution File, Format Version 12.00
# Visual Studio Version 17
VisualStudioVersion = 17.7.34202.233
MinimumVisualStudioVersion = 10.0.40219.1
Project("{9A19103F-16F7-4668-BE54-9A1E7A4F7556}") = "Spotify", "Spotify\Spotify.csproj", "{69C0AE1E-AC78-4186-AA76-D4EC28C741C4}"
EndProject
Global
	GlobalSection(SolutionConfigurationPlatforms) = preSolution
		Debug|Any CPU = Debug|Any CPU
		Release|Any CPU = Release|Any CPU
	EndGlobalSection
	GlobalSection(ProjectConfigurationPlatforms) = postSolution
		{69C0AE1E-AC78-4186-AA76-D4EC28C741C4}.Debug|Any CPU.ActiveCfg = Debug|Any CPU
		{69C0AE1E-AC78-4186-AA76-D4EC28C741C4}.Debug|Any CPU.Build.0 = Debug|Any CPU
		{69C0AE1E-AC78-4186-AA76-D4EC28C741C4}.Release|Any CPU.ActiveCfg = Release|Any CPU
		{69C0AE1E-AC78-4186-AA76-D4EC28C741C4}.Release|Any CPU.Build.0 = Release|Any CPU
	EndGlobalSection
	GlobalSection(SolutionProperties) = preSolution
		HideSolutionNode = FALSE
	EndGlobalSection
	GlobalSection(ExtensibilityGlobals) = postSolution
		SolutionGuid = {32D4365D-1BD6-4E8A-867E-81247DF8B5CB}
	EndGlobalSection
EndGlobal
